
Microsoft Visual Studio Solution File, Format Version 12.00
# Visual Studio Version 16
VisualStudioVersion = 25.0.1704.0
MinimumVisualStudioVersion = 10.0.40219.1
Project("{FAE04EC0-301F-11D3-BF4B-00C04F79EFBC}") = "Dijkstra", "Dijkstra\Dijkstra.csproj", "{A5D0BE2B-1DA2-4D02-B383-AE4917C882DC}"
EndProject
Global
	GlobalSection(SolutionConfigurationPlatforms) = preSolution
		Debug|Any CPU = Debug|Any CPU
		Release|Any CPU = Release|Any CPU
	EndGlobalSection
	GlobalSection(ProjectConfigurationPlatforms) = postSolution
		{A5D0BE2B-1DA2-4D02-B383-AE4917C882DC}.Debug|Any CPU.ActiveCfg = Debug|Any CPU
		{A5D0BE2B-1DA2-4D02-B383-AE4917C882DC}.Debug|Any CPU.Build.0 = Debug|Any CPU
		{A5D0BE2B-1DA2-4D02-B383-AE4917C882DC}.Release|Any CPU.ActiveCfg = Release|Any CPU
		{A5D0BE2B-1DA2-4D02-B383-AE4917C882DC}.Release|Any CPU.Build.0 = Release|Any CPU
	EndGlobalSection
	GlobalSection(SolutionProperties) = preSolution
		HideSolutionNode = FALSE
	EndGlobalSection
	GlobalSection(ExtensibilityGlobals) = postSolution
		SolutionGuid = {968EC2D9-2EFF-42A1-A368-A149B8779DA2}
	EndGlobalSection
EndGlobal
